<?xml version="1.0" encoding="utf-8"?>
<Project ToolsVersion="4.0" xmlns="http://schemas.microsoft.com/developer/msbuild/2003">
  <ItemGroup>
    <Filter Include="Source Files">
      <UniqueIdentifier>{4FC737F1-C7A5-4376-A066-2A32D752A2FF}</UniqueIdentifier>
      <Extensions>cpp;c;cc;cxx;def;odl;idl;hpj;bat;asm;asmx</Extensions>
    </Filter>
    <Filter Include="Header Files">
      <UniqueIdentifier>{93995380-89BD-4b04-88EB-625FBE52EBFB}</UniqueIdentifier>
      <Extensions>h;hh;hpp;hxx;hm;inl;inc;xsd</Extensions>
    </Filter>
    <Filter Include="Resource Files">
      <UniqueIdentifier>{67DA6AB6-F800-4c08-8B7A-83BB121AAD01}</UniqueIdentifier>
      <Extensions>rc;ico;cur;bmp;dlg;rc2;rct;bin;rgs;gif;jpg;jpeg;jpe;resx;tiff;tif;png;wav;mfcribbon-ms</Extensions>
    </Filter>
    <Filter Include="Header Files\Mesh">
      <UniqueIdentifier>{e1749880-60d7-414a-965d-c35111f7117f}</UniqueIdentifier>
    </Filter>
    <Filter Include="Source Files\Mesh">
      <UniqueIdentifier>{a556300b-18ec-4758-b20e-3f4d3c8122f3}</UniqueIdentifier>
    </Filter>
  </ItemGroup>
  <ItemGroup>
    <ClCompile Include="Source\Main.cpp">
      <Filter>Source Files</Filter>
    </ClCompile>
    <ClCompile Include="Source\Player\Camera.cpp">
      <Filter>Source Files</Filter>
    </ClCompile>
    <ClCompile Include="Source\Mesh\Classes\Geometry.cpp">
      <Filter>Source Files</Filter>
    </ClCompile>
    <ClCompile Include="Source\Mesh\Classes\PlanetMesh.cpp">
      <Filter>Source Files\Mesh</Filter>
    </ClCompile>
    <ClCompile Include="Source\Misc\Classes\Vector3d.cpp">
      <Filter>Source Files</Filter>
    </ClCompile>
    <ClCompile Include="Source\Misc\Classes\common.cpp">
      <Filter>Source Files</Filter>
    </ClCompile>
    <ClCompile Include="Source\Mesh\Classes\Mesh.cpp">
      <Filter>Source Files</Filter>
    </ClCompile>
    <ClCompile Include="Source\Objects\Classes\PObject.cpp">
      <Filter>Source Files</Filter>
    </ClCompile>
    <ClCompile Include="Source\Objects\Classes\Sky.cpp">
      <Filter>Source Files</Filter>
    </ClCompile>
    <ClCompile Include="Source\Managers\Classes\ShaderManager.cpp">
      <Filter>Source Files</Filter>
    </ClCompile>
    <ClCompile Include="Source\Objects\Classes\Star.cpp">
      <Filter>Source Files</Filter>
    </ClCompile>
  </ItemGroup>
  <ItemGroup>
    <ClInclude Include="Source\Player\Camera.h">
      <Filter>Header Files</Filter>
    </ClInclude>
    <ClInclude Include="Source\Mesh\Headers\PlanetMesh.h">
      <Filter>Header Files\Mesh</Filter>
    </ClInclude>
    <ClInclude Include="Source\Mesh\Headers\Geometry.h">
      <Filter>Header Files</Filter>
    </ClInclude>
    <ClInclude Include="Source\Headers\Planetoids.h">
      <Filter>Header Files</Filter>
    </ClInclude>
    <ClInclude Include="Source\Misc\Headers\Vector3d.h">
      <Filter>Header Files</Filter>
    </ClInclude>
    <ClInclude Include="Source\Misc\Headers\common.h">
      <Filter>Header Files</Filter>
    </ClInclude>
    <ClInclude Include="Source\Mesh\Headers\Mesh.h">
      <Filter>Header Files</Filter>
    </ClInclude>
    <ClInclude Include="Source\Objects\Headers\PObject.h">
      <Filter>Header Files</Filter>
    </ClInclude>
    <ClInclude Include="Source\Objects\Headers\Sky.h">
      <Filter>Header Files</Filter>
    </ClInclude>
    <ClInclude Include="Source\Managers\Headers\ShaderManager.h">
      <Filter>Header Files</Filter>
    </ClInclude>
    <ClInclude Include="Source\Objects\Headers\Star.h">
      <Filter>Header Files</Filter>
    </ClInclude>
    <ClInclude Include="resource.h">
      <Filter>Header Files</Filter>
    </ClInclude>
  </ItemGroup>
  <ItemGroup>
    <None Include="Source\Shaders\shadertest.frag" />
    <None Include="Source\Shaders\shadertest.vert" />
    <None Include="Source\Shaders\atmoShader.frag" />
    <None Include="Source\Shaders\atmoShader.vert" />
    <None Include="Source\Shaders\atmoShader2.frag" />
    <None Include="Source\Shaders\atmoShader2.vert" />
    <None Include="Source\Shaders\atmoShader3.frag" />
    <None Include="Source\Shaders\atmoShader3.vert" />
    <None Include="Source\Shaders\atmoShader4.frag" />
    <None Include="Source\Shaders\atmoShader4.vert" />
    <None Include="Source\Shaders\edgeShader.frag" />
    <None Include="Source\Shaders\edgeShader.vert" />
    <None Include="Source\Shaders\atmoFromSpace.frag" />
    <None Include="Source\Shaders\atmoFromSpace.vert" />
    <None Include="Source\Shaders\edgeShader2.frag" />
    <None Include="Source\Shaders\edgeShader2.vert" />
    <None Include="Source\Shaders\groundFromAtmo.frag" />
    <None Include="Source\Shaders\groundFromAtmo.vert" />
    <None Include="Source\Shaders\starShader.frag" />
    <None Include="Source\Shaders\starShader.vert" />
  </ItemGroup>
  <ItemGroup>
    <ResourceCompile Include="Project_Planetoids.rc">
      <Filter>Resource Files</Filter>
    </ResourceCompile>
  </ItemGroup>
  <ItemGroup>
    <Image Include="Source\Misc\icon.png">
      <Filter>Resource Files</Filter>
    </Image>
  </ItemGroup>
</Project>